
Microsoft Visual Studio Solution File, Format Version 12.00
# Visual Studio Version 16
VisualStudioVersion = 16.0.30803.129
MinimumVisualStudioVersion = 10.0.40219.1
Project("{FAE04EC0-301F-11D3-BF4B-00C04F79EFBC}") = "Day18a", "Day18a\Day18a.csproj", "{7EDC3A58-728D-49E4-A4C1-15E4F8892155}"
EndProject
Global
	GlobalSection(SolutionConfigurationPlatforms) = preSolution
		Debug|Any CPU = Debug|Any CPU
		Release|Any CPU = Release|Any CPU
	EndGlobalSection
	GlobalSection(ProjectConfigurationPlatforms) = postSolution
		{7EDC3A58-728D-49E4-A4C1-15E4F8892155}.Debug|Any CPU.ActiveCfg = Debug|Any CPU
		{7EDC3A58-728D-49E4-A4C1-15E4F8892155}.Debug|Any CPU.Build.0 = Debug|Any CPU
		{7EDC3A58-728D-49E4-A4C1-15E4F8892155}.Release|Any CPU.ActiveCfg = Release|Any CPU
		{7EDC3A58-728D-49E4-A4C1-15E4F8892155}.Release|Any CPU.Build.0 = Release|Any CPU
	EndGlobalSection
	GlobalSection(SolutionProperties) = preSolution
		HideSolutionNode = FALSE
	EndGlobalSection
	GlobalSection(ExtensibilityGlobals) = postSolution
		SolutionGuid = {8B640E86-3400-4A11-A40D-1C2C88FF24EC}
	EndGlobalSection
EndGlobal
