
Microsoft Visual Studio Solution File, Format Version 12.00
# Visual Studio Version 16
VisualStudioVersion = 16.0.30803.129
MinimumVisualStudioVersion = 10.0.40219.1
Project("{FAE04EC0-301F-11D3-BF4B-00C04F79EFBC}") = "Day19a", "Day19a\Day19a.csproj", "{133FEA2D-132C-4848-910F-450EC4E5CA91}"
EndProject
Global
	GlobalSection(SolutionConfigurationPlatforms) = preSolution
		Debug|Any CPU = Debug|Any CPU
		Release|Any CPU = Release|Any CPU
	EndGlobalSection
	GlobalSection(ProjectConfigurationPlatforms) = postSolution
		{133FEA2D-132C-4848-910F-450EC4E5CA91}.Debug|Any CPU.ActiveCfg = Debug|Any CPU
		{133FEA2D-132C-4848-910F-450EC4E5CA91}.Debug|Any CPU.Build.0 = Debug|Any CPU
		{133FEA2D-132C-4848-910F-450EC4E5CA91}.Release|Any CPU.ActiveCfg = Release|Any CPU
		{133FEA2D-132C-4848-910F-450EC4E5CA91}.Release|Any CPU.Build.0 = Release|Any CPU
	EndGlobalSection
	GlobalSection(SolutionProperties) = preSolution
		HideSolutionNode = FALSE
	EndGlobalSection
	GlobalSection(ExtensibilityGlobals) = postSolution
		SolutionGuid = {F96D79E4-4FE7-4E57-A1CC-2DC4CFDD88F0}
	EndGlobalSection
EndGlobal
