
Microsoft Visual Studio Solution File, Format Version 12.00
# Visual Studio Version 16
VisualStudioVersion = 16.0.30709.64
MinimumVisualStudioVersion = 10.0.40219.1
Project("{FAE04EC0-301F-11D3-BF4B-00C04F79EFBC}") = "Day06b", "Day06b\Day06b.csproj", "{80E3288B-54A2-43C4-BDEC-95128947DA78}"
EndProject
Global
	GlobalSection(SolutionConfigurationPlatforms) = preSolution
		Debug|Any CPU = Debug|Any CPU
		Release|Any CPU = Release|Any CPU
	EndGlobalSection
	GlobalSection(ProjectConfigurationPlatforms) = postSolution
		{80E3288B-54A2-43C4-BDEC-95128947DA78}.Debug|Any CPU.ActiveCfg = Debug|Any CPU
		{80E3288B-54A2-43C4-BDEC-95128947DA78}.Debug|Any CPU.Build.0 = Debug|Any CPU
		{80E3288B-54A2-43C4-BDEC-95128947DA78}.Release|Any CPU.ActiveCfg = Release|Any CPU
		{80E3288B-54A2-43C4-BDEC-95128947DA78}.Release|Any CPU.Build.0 = Release|Any CPU
	EndGlobalSection
	GlobalSection(SolutionProperties) = preSolution
		HideSolutionNode = FALSE
	EndGlobalSection
	GlobalSection(ExtensibilityGlobals) = postSolution
		SolutionGuid = {F372CC9C-EB8A-4951-A2CD-4A834862C4AC}
	EndGlobalSection
EndGlobal
